// !$*UTF8*$!
{
	archiveVersion = 1;
	classes = {
	};
	objectVersion = 46;
	objects = {

/* Begin PBXBuildFile section */
		1B0DD5A6146C0C6700E5DC1C /* Foundation.framework in Frameworks */ = {isa = PBXBuildFile; fileRef = 1B0DD5A5146C0C6700E5DC1C /* Foundation.framework */; };
		1B0DD5A9146C0C6700E5DC1C /* main.mm in Sources */ = {isa = PBXBuildFile; fileRef = 1B0DD5A8146C0C6700E5DC1C /* main.mm */; };
		65585816146EB72C0034F4BA /* Dict.mm in Sources */ = {isa = PBXBuildFile; fileRef = 6558580E146EB72C0034F4BA /* Dict.mm */; };
		65585817146EB72C0034F4BA /* MoveInfo.mm in Sources */ = {isa = PBXBuildFile; fileRef = 65585812146EB72C0034F4BA /* MoveInfo.mm */; };
		65585818146EB72C0034F4BA /* TileRepo.mm in Sources */ = {isa = PBXBuildFile; fileRef = 65585815146EB72C0034F4BA /* TileRepo.mm */; };
		6558581D146EB8D60034F4BA /* Dawg2Dict.mm in Sources */ = {isa = PBXBuildFile; fileRef = 6558581C146EB8D60034F4BA /* Dawg2Dict.mm */; };
		65B3FD82146EB50C0025F260 /* dict2dawg.m in Sources */ = {isa = PBXBuildFile; fileRef = 65B3FD81146EB50C0025F260 /* dict2dawg.m */; };
/* End PBXBuildFile section */

/* Begin PBXCopyFilesBuildPhase section */
		1B0DD59F146C0C6700E5DC1C /* CopyFiles */ = {
			isa = PBXCopyFilesBuildPhase;
			buildActionMask = 2147483647;
			dstPath = /usr/share/man/man1/;
			dstSubfolderSpec = 0;
			files = (
			);
			runOnlyForDeploymentPostprocessing = 1;
		};
/* End PBXCopyFilesBuildPhase section */

/* Begin PBXFileReference section */
		1B0DD5A1146C0C6700E5DC1C /* Dict2Dawg */ = {isa = PBXFileReference; explicitFileType = "compiled.mach-o.executable"; includeInIndex = 0; path = Dict2Dawg; sourceTree = BUILT_PRODUCTS_DIR; };
		1B0DD5A5146C0C6700E5DC1C /* Foundation.framework */ = {isa = PBXFileReference; lastKnownFileType = wrapper.framework; name = Foundation.framework; path = System/Library/Frameworks/Foundation.framework; sourceTree = SDKROOT; };
		1B0DD5A8146C0C6700E5DC1C /* main.mm */ = {isa = PBXFileReference; lastKnownFileType = sourcecode.cpp.objcpp; path = main.mm; sourceTree = "<group>"; };
		1B0DD5AB146C0C6700E5DC1C /* Dict2Dawg-Prefix.pch */ = {isa = PBXFileReference; lastKnownFileType = sourcecode.c.h; path = "Dict2Dawg-Prefix.pch"; sourceTree = "<group>"; };
		6558580A146EB72C0034F4BA /* Card.h */ = {isa = PBXFileReference; fileEncoding = 4; lastKnownFileType = sourcecode.c.h; path = Card.h; sourceTree = "<group>"; };
		6558580B146EB72C0034F4BA /* constants.h */ = {isa = PBXFileReference; fileEncoding = 4; lastKnownFileType = sourcecode.c.h; path = constants.h; sourceTree = "<group>"; };
		6558580C146EB72C0034F4BA /* datastructs.h */ = {isa = PBXFileReference; fileEncoding = 4; lastKnownFileType = sourcecode.c.h; path = datastructs.h; sourceTree = "<group>"; };
		6558580D146EB72C0034F4BA /* Dict.h */ = {isa = PBXFileReference; fileEncoding = 4; lastKnownFileType = sourcecode.c.h; path = Dict.h; sourceTree = "<group>"; };
		6558580E146EB72C0034F4BA /* Dict.mm */ = {isa = PBXFileReference; fileEncoding = 4; lastKnownFileType = sourcecode.cpp.objcpp; path = Dict.mm; sourceTree = "<group>"; };
		6558580F146EB72C0034F4BA /* GameGrid.h */ = {isa = PBXFileReference; fileEncoding = 4; lastKnownFileType = sourcecode.c.h; path = GameGrid.h; sourceTree = "<group>"; };
		65585810146EB72C0034F4BA /* globals.h */ = {isa = PBXFileReference; fileEncoding = 4; lastKnownFileType = sourcecode.c.h; path = globals.h; sourceTree = "<group>"; };
		65585811146EB72C0034F4BA /* MoveInfo.h */ = {isa = PBXFileReference; fileEncoding = 4; lastKnownFileType = sourcecode.c.h; path = MoveInfo.h; sourceTree = "<group>"; };
		65585812146EB72C0034F4BA /* MoveInfo.mm */ = {isa = PBXFileReference; fileEncoding = 4; lastKnownFileType = sourcecode.cpp.objcpp; path = MoveInfo.mm; sourceTree = "<group>"; };
		65585813146EB72C0034F4BA /* Tile.h */ = {isa = PBXFileReference; fileEncoding = 4; lastKnownFileType = sourcecode.c.h; path = Tile.h; sourceTree = "<group>"; };
		65585814146EB72C0034F4BA /* TileRepo.h */ = {isa = PBXFileReference; fileEncoding = 4; lastKnownFileType = sourcecode.c.h; path = TileRepo.h; sourceTree = "<group>"; };
		65585815146EB72C0034F4BA /* TileRepo.mm */ = {isa = PBXFileReference; fileEncoding = 4; lastKnownFileType = sourcecode.cpp.objcpp; path = TileRepo.mm; sourceTree = "<group>"; };
		6558581B146EB8D60034F4BA /* Dawg2Dict.h */ = {isa = PBXFileReference; fileEncoding = 4; lastKnownFileType = sourcecode.c.h; path = Dawg2Dict.h; sourceTree = "<group>"; };
		6558581C146EB8D60034F4BA /* Dawg2Dict.mm */ = {isa = PBXFileReference; fileEncoding = 4; lastKnownFileType = sourcecode.cpp.objcpp; path = Dawg2Dict.mm; sourceTree = "<group>"; };
		65B3FD81146EB50C0025F260 /* dict2dawg.m */ = {isa = PBXFileReference; fileEncoding = 4; lastKnownFileType = sourcecode.c.objc; path = dict2dawg.m; sourceTree = "<group>"; };
		65B3FD83146EB5170025F260 /* dict2dawg.h */ = {isa = PBXFileReference; fileEncoding = 4; lastKnownFileType = sourcecode.c.h; path = dict2dawg.h; sourceTree = "<group>"; };
/* End PBXFileReference section */

/* Begin PBXFrameworksBuildPhase section */
		1B0DD59E146C0C6700E5DC1C /* Frameworks */ = {
			isa = PBXFrameworksBuildPhase;
			buildActionMask = 2147483647;
			files = (
				1B0DD5A6146C0C6700E5DC1C /* Foundation.framework in Frameworks */,
			);
			runOnlyForDeploymentPostprocessing = 0;
		};
/* End PBXFrameworksBuildPhase section */

/* Begin PBXGroup section */
		1B0DD596146C0C6700E5DC1C = {
			isa = PBXGroup;
			children = (
				1B0DD5A7146C0C6700E5DC1C /* Dict2Dawg */,
				1B0DD5A4146C0C6700E5DC1C /* Frameworks */,
				1B0DD5A2146C0C6700E5DC1C /* Products */,
			);
			sourceTree = "<group>";
		};
		1B0DD5A2146C0C6700E5DC1C /* Products */ = {
			isa = PBXGroup;
			children = (
				1B0DD5A1146C0C6700E5DC1C /* Dict2Dawg */,
			);
			name = Products;
			sourceTree = "<group>";
		};
		1B0DD5A4146C0C6700E5DC1C /* Frameworks */ = {
			isa = PBXGroup;
			children = (
				1B0DD5A5146C0C6700E5DC1C /* Foundation.framework */,
			);
			name = Frameworks;
			sourceTree = "<group>";
		};
		1B0DD5A7146C0C6700E5DC1C /* Dict2Dawg */ = {
			isa = PBXGroup;
			children = (
				65585809146EB72C0034F4BA /* ThirdParty */,
				6558581A146EB8C10034F4BA /* dawg2dict */,
				65B3FD80146EAF290025F260 /* dict2dawg */,
				1B0DD5A8146C0C6700E5DC1C /* main.mm */,
				1B0DD5AA146C0C6700E5DC1C /* Supporting Files */,
			);
			path = Dict2Dawg;
			sourceTree = "<group>";
		};
		1B0DD5AA146C0C6700E5DC1C /* Supporting Files */ = {
			isa = PBXGroup;
			children = (
				1B0DD5AB146C0C6700E5DC1C /* Dict2Dawg-Prefix.pch */,
			);
			name = "Supporting Files";
			sourceTree = "<group>";
		};
		65585809146EB72C0034F4BA /* ThirdParty */ = {
			isa = PBXGroup;
			children = (
				6558580A146EB72C0034F4BA /* Card.h */,
				6558580B146EB72C0034F4BA /* constants.h */,
				6558580C146EB72C0034F4BA /* datastructs.h */,
				6558580F146EB72C0034F4BA /* GameGrid.h */,
				65585810146EB72C0034F4BA /* globals.h */,
				65585811146EB72C0034F4BA /* MoveInfo.h */,
				65585812146EB72C0034F4BA /* MoveInfo.mm */,
				65585813146EB72C0034F4BA /* Tile.h */,
				65585814146EB72C0034F4BA /* TileRepo.h */,
				65585815146EB72C0034F4BA /* TileRepo.mm */,
				6558580D146EB72C0034F4BA /* Dict.h */,
				6558580E146EB72C0034F4BA /* Dict.mm */,
			);
			path = ThirdParty;
			sourceTree = "<group>";
		};
		6558581A146EB8C10034F4BA /* dawg2dict */ = {
			isa = PBXGroup;
			children = (
				6558581B146EB8D60034F4BA /* Dawg2Dict.h */,
				6558581C146EB8D60034F4BA /* Dawg2Dict.mm */,
			);
			path = dawg2dict;
			sourceTree = "<group>";
		};
		65B3FD80146EAF290025F260 /* dict2dawg */ = {
			isa = PBXGroup;
			children = (
				65B3FD83146EB5170025F260 /* dict2dawg.h */,
				65B3FD81146EB50C0025F260 /* dict2dawg.m */,
			);
			path = dict2dawg;
			sourceTree = "<group>";
		};
/* End PBXGroup section */

/* Begin PBXNativeTarget section */
		1B0DD5A0146C0C6700E5DC1C /* Dict2Dawg */ = {
			isa = PBXNativeTarget;
			buildConfigurationList = 1B0DD5B0146C0C6700E5DC1C /* Build configuration list for PBXNativeTarget "Dict2Dawg" */;
			buildPhases = (
				1B0DD59D146C0C6700E5DC1C /* Sources */,
				1B0DD59E146C0C6700E5DC1C /* Frameworks */,
				1B0DD59F146C0C6700E5DC1C /* CopyFiles */,
			);
			buildRules = (
			);
			dependencies = (
			);
			name = Dict2Dawg;
			productName = Dict2Dawg;
			productReference = 1B0DD5A1146C0C6700E5DC1C /* Dict2Dawg */;
			productType = "com.apple.product-type.tool";
		};
/* End PBXNativeTarget section */

/* Begin PBXProject section */
		1B0DD598146C0C6700E5DC1C /* Project object */ = {
			isa = PBXProject;
			attributes = {
				LastUpgradeCheck = 0420;
			};
			buildConfigurationList = 1B0DD59B146C0C6700E5DC1C /* Build configuration list for PBXProject "Dict2Dawg" */;
			compatibilityVersion = "Xcode 3.2";
			developmentRegion = English;
			hasScannedForEncodings = 0;
			knownRegions = (
				en,
			);
			mainGroup = 1B0DD596146C0C6700E5DC1C;
			productRefGroup = 1B0DD5A2146C0C6700E5DC1C /* Products */;
			projectDirPath = "";
			projectRoot = "";
			targets = (
				1B0DD5A0146C0C6700E5DC1C /* Dict2Dawg */,
			);
		};
/* End PBXProject section */

/* Begin PBXSourcesBuildPhase section */
		1B0DD59D146C0C6700E5DC1C /* Sources */ = {
			isa = PBXSourcesBuildPhase;
			buildActionMask = 2147483647;
			files = (
				1B0DD5A9146C0C6700E5DC1C /* main.mm in Sources */,
				65B3FD82146EB50C0025F260 /* dict2dawg.m in Sources */,
				65585816146EB72C0034F4BA /* Dict.mm in Sources */,
				65585817146EB72C0034F4BA /* MoveInfo.mm in Sources */,
				65585818146EB72C0034F4BA /* TileRepo.mm in Sources */,
				6558581D146EB8D60034F4BA /* Dawg2Dict.mm in Sources */,
			);
			runOnlyForDeploymentPostprocessing = 0;
		};
/* End PBXSourcesBuildPhase section */

/* Begin XCBuildConfiguration section */
		1B0DD5AE146C0C6700E5DC1C /* Debug */ = {
			isa = XCBuildConfiguration;
			buildSettings = {
				ALWAYS_SEARCH_USER_PATHS = NO;
				ARCHS = "$(ARCHS_STANDARD_64_BIT)";
				CLANG_ENABLE_OBJC_ARC = YES;
				COPY_PHASE_STRIP = NO;
				GCC_C_LANGUAGE_STANDARD = gnu99;
				GCC_DYNAMIC_NO_PIC = NO;
				GCC_ENABLE_OBJC_EXCEPTIONS = YES;
				GCC_OPTIMIZATION_LEVEL = 0;
				GCC_PREPROCESSOR_DEFINITIONS = (
					"DEBUG=1",
					"$(inherited)",
				);
				GCC_SYMBOLS_PRIVATE_EXTERN = NO;
				GCC_VERSION = com.apple.compilers.llvm.clang.1_0;
				GCC_WARN_64_TO_32_BIT_CONVERSION = YES;
				GCC_WARN_ABOUT_MISSING_PROTOTYPES = YES;
				GCC_WARN_ABOUT_RETURN_TYPE = YES;
				GCC_WARN_UNUSED_VARIABLE = YES;
				MACOSX_DEPLOYMENT_TARGET = 10.7;
				ONLY_ACTIVE_ARCH = YES;
				OTHER_LDFLAGS = (
					"-ObjC",
					"-all_load",
				);
				SDKROOT = macosx;
				STRIP_STYLE = all;
			};
			name = Debug;
		};
		1B0DD5AF146C0C6700E5DC1C /* Release */ = {
			isa = XCBuildConfiguration;
			buildSettings = {
				ALWAYS_SEARCH_USER_PATHS = NO;
				ARCHS = "$(ARCHS_STANDARD_64_BIT)";
				CLANG_ENABLE_OBJC_ARC = YES;
				COPY_PHASE_STRIP = YES;
				DEBUG_INFORMATION_FORMAT = "dwarf-with-dsym";
				GCC_C_LANGUAGE_STANDARD = gnu99;
				GCC_ENABLE_OBJC_EXCEPTIONS = YES;
				GCC_VERSION = com.apple.compilers.llvm.clang.1_0;
				GCC_WARN_64_TO_32_BIT_CONVERSION = YES;
				GCC_WARN_ABOUT_MISSING_PROTOTYPES = YES;
				GCC_WARN_ABOUT_RETURN_TYPE = YES;
				GCC_WARN_UNUSED_VARIABLE = YES;
				MACOSX_DEPLOYMENT_TARGET = 10.7;
				OTHER_LDFLAGS = (
					"-ObjC",
					"-all_load",
				);
				SDKROOT = macosx;
				STRIP_STYLE = all;
			};
			name = Release;
		};
		1B0DD5B1146C0C6700E5DC1C /* Debug */ = {
			isa = XCBuildConfiguration;
			buildSettings = {
				GCC_PRECOMPILE_PREFIX_HEADER = YES;
				GCC_PREFIX_HEADER = "Dict2Dawg/Dict2Dawg-Prefix.pch";
				PRODUCT_NAME = "$(TARGET_NAME)";
			};
			name = Debug;
		};
		1B0DD5B2146C0C6700E5DC1C /* Release */ = {
			isa = XCBuildConfiguration;
			buildSettings = {
				GCC_PRECOMPILE_PREFIX_HEADER = YES;
				GCC_PREFIX_HEADER = "Dict2Dawg/Dict2Dawg-Prefix.pch";
				PRODUCT_NAME = "$(TARGET_NAME)";
			};
			name = Release;
		};
/* End XCBuildConfiguration section */

/* Begin XCConfigurationList section */
		1B0DD59B146C0C6700E5DC1C /* Build configuration list for PBXProject "Dict2Dawg" */ = {
			isa = XCConfigurationList;
			buildConfigurations = (
				1B0DD5AE146C0C6700E5DC1C /* Debug */,
				1B0DD5AF146C0C6700E5DC1C /* Release */,
			);
			defaultConfigurationIsVisible = 0;
			defaultConfigurationName = Release;
		};
		1B0DD5B0146C0C6700E5DC1C /* Build configuration list for PBXNativeTarget "Dict2Dawg" */ = {
			isa = XCConfigurationList;
			buildConfigurations = (
				1B0DD5B1146C0C6700E5DC1C /* Debug */,
				1B0DD5B2146C0C6700E5DC1C /* Release */,
			);
			defaultConfigurationIsVisible = 0;
			defaultConfigurationName = Release;
		};
/* End XCConfigurationList section */
	};
	rootObject = 1B0DD598146C0C6700E5DC1C /* Project object */;
}
