// !$*UTF8*$!
{
	archiveVersion = 1;
	classes = {
	};
	objectVersion = 46;
	objects = {

/* Begin PBXBuildFile section */
		655858E1146F08F30034F4BA /* Foundation.framework in Frameworks */ = {isa = PBXBuildFile; fileRef = 655858E0146F08F30034F4BA /* Foundation.framework */; };
		655858F1146F0A000034F4BA /* Dawg2Dict.mm in Sources */ = {isa = PBXBuildFile; fileRef = 655858F0146F0A000034F4BA /* Dawg2Dict.mm */; };
/* End PBXBuildFile section */

/* Begin PBXFileReference section */
		655858DD146F08F30034F4BA /* libDawg2Dict.a */ = {isa = PBXFileReference; explicitFileType = archive.ar; includeInIndex = 0; path = libDawg2Dict.a; sourceTree = BUILT_PRODUCTS_DIR; };
		655858E0146F08F30034F4BA /* Foundation.framework */ = {isa = PBXFileReference; lastKnownFileType = wrapper.framework; name = Foundation.framework; path = System/Library/Frameworks/Foundation.framework; sourceTree = SDKROOT; };
		655858E4146F08F30034F4BA /* Dawg2Dict-Prefix.pch */ = {isa = PBXFileReference; lastKnownFileType = sourcecode.c.h; path = "Dawg2Dict-Prefix.pch"; sourceTree = "<group>"; };
		655858E5146F08F30034F4BA /* Dawg2Dict.h */ = {isa = PBXFileReference; lastKnownFileType = sourcecode.c.h; path = Dawg2Dict.h; sourceTree = "<group>"; };
		655858F0146F0A000034F4BA /* Dawg2Dict.mm */ = {isa = PBXFileReference; fileEncoding = 4; lastKnownFileType = sourcecode.cpp.objcpp; path = Dawg2Dict.mm; sourceTree = "<group>"; };
/* End PBXFileReference section */

/* Begin PBXFrameworksBuildPhase section */
		655858DA146F08F30034F4BA /* Frameworks */ = {
			isa = PBXFrameworksBuildPhase;
			buildActionMask = 2147483647;
			files = (
				655858E1146F08F30034F4BA /* Foundation.framework in Frameworks */,
			);
			runOnlyForDeploymentPostprocessing = 0;
		};
/* End PBXFrameworksBuildPhase section */

/* Begin PBXGroup section */
		655858D2146F08F30034F4BA = {
			isa = PBXGroup;
			children = (
				655858E2146F08F30034F4BA /* Dawg2Dict */,
				655858DF146F08F30034F4BA /* Frameworks */,
				655858DE146F08F30034F4BA /* Products */,
			);
			sourceTree = "<group>";
		};
		655858DE146F08F30034F4BA /* Products */ = {
			isa = PBXGroup;
			children = (
				655858DD146F08F30034F4BA /* libDawg2Dict.a */,
			);
			name = Products;
			sourceTree = "<group>";
		};
		655858DF146F08F30034F4BA /* Frameworks */ = {
			isa = PBXGroup;
			children = (
				655858E0146F08F30034F4BA /* Foundation.framework */,
			);
			name = Frameworks;
			sourceTree = "<group>";
		};
		655858E2146F08F30034F4BA /* Dawg2Dict */ = {
			isa = PBXGroup;
			children = (
				655858E5146F08F30034F4BA /* Dawg2Dict.h */,
				655858F0146F0A000034F4BA /* Dawg2Dict.mm */,
				655858E3146F08F30034F4BA /* Supporting Files */,
			);
			path = Dawg2Dict;
			sourceTree = "<group>";
		};
		655858E3146F08F30034F4BA /* Supporting Files */ = {
			isa = PBXGroup;
			children = (
				655858E4146F08F30034F4BA /* Dawg2Dict-Prefix.pch */,
			);
			name = "Supporting Files";
			sourceTree = "<group>";
		};
/* End PBXGroup section */

/* Begin PBXHeadersBuildPhase section */
		655858DB146F08F30034F4BA /* Headers */ = {
			isa = PBXHeadersBuildPhase;
			buildActionMask = 2147483647;
			files = (
			);
			runOnlyForDeploymentPostprocessing = 0;
		};
/* End PBXHeadersBuildPhase section */

/* Begin PBXNativeTarget section */
		655858DC146F08F30034F4BA /* Dawg2Dict */ = {
			isa = PBXNativeTarget;
			buildConfigurationList = 655858EA146F08F30034F4BA /* Build configuration list for PBXNativeTarget "Dawg2Dict" */;
			buildPhases = (
				655858D9146F08F30034F4BA /* Sources */,
				655858DA146F08F30034F4BA /* Frameworks */,
				655858DB146F08F30034F4BA /* Headers */,
			);
			buildRules = (
			);
			dependencies = (
			);
			name = Dawg2Dict;
			productName = Dawg2Dict;
			productReference = 655858DD146F08F30034F4BA /* libDawg2Dict.a */;
			productType = "com.apple.product-type.library.static";
		};
/* End PBXNativeTarget section */

/* Begin PBXProject section */
		655858D4146F08F30034F4BA /* Project object */ = {
			isa = PBXProject;
			attributes = {
				LastUpgradeCheck = 0430;
			};
			buildConfigurationList = 655858D7146F08F30034F4BA /* Build configuration list for PBXProject "Dawg2Dict" */;
			compatibilityVersion = "Xcode 3.2";
			developmentRegion = English;
			hasScannedForEncodings = 0;
			knownRegions = (
				en,
			);
			mainGroup = 655858D2146F08F30034F4BA;
			productRefGroup = 655858DE146F08F30034F4BA /* Products */;
			projectDirPath = "";
			projectRoot = "";
			targets = (
				655858DC146F08F30034F4BA /* Dawg2Dict */,
			);
		};
/* End PBXProject section */

/* Begin PBXSourcesBuildPhase section */
		655858D9146F08F30034F4BA /* Sources */ = {
			isa = PBXSourcesBuildPhase;
			buildActionMask = 2147483647;
			files = (
				655858F1146F0A000034F4BA /* Dawg2Dict.mm in Sources */,
			);
			runOnlyForDeploymentPostprocessing = 0;
		};
/* End PBXSourcesBuildPhase section */

/* Begin XCBuildConfiguration section */
		655858E8146F08F30034F4BA /* Debug */ = {
			isa = XCBuildConfiguration;
			buildSettings = {
				ALWAYS_SEARCH_USER_PATHS = NO;
				ARCHS = "$(ARCHS_STANDARD_32_BIT)";
				COPY_PHASE_STRIP = NO;
				GCC_C_LANGUAGE_STANDARD = gnu99;
				GCC_DYNAMIC_NO_PIC = NO;
				GCC_OPTIMIZATION_LEVEL = 0;
				GCC_PREPROCESSOR_DEFINITIONS = (
					"DEBUG=1",
					"$(inherited)",
				);
				GCC_SYMBOLS_PRIVATE_EXTERN = NO;
				GCC_VERSION = com.apple.compilers.llvm.clang.1_0;
				GCC_WARN_ABOUT_MISSING_PROTOTYPES = YES;
				GCC_WARN_ABOUT_RETURN_TYPE = YES;
				GCC_WARN_UNUSED_VARIABLE = YES;
				IPHONEOS_DEPLOYMENT_TARGET = 5.0;
				SDKROOT = iphoneos;
			};
			name = Debug;
		};
		655858E9146F08F30034F4BA /* Release */ = {
			isa = XCBuildConfiguration;
			buildSettings = {
				ALWAYS_SEARCH_USER_PATHS = NO;
				ARCHS = "$(ARCHS_STANDARD_32_BIT)";
				COPY_PHASE_STRIP = YES;
				GCC_C_LANGUAGE_STANDARD = gnu99;
				GCC_VERSION = com.apple.compilers.llvm.clang.1_0;
				GCC_WARN_ABOUT_MISSING_PROTOTYPES = YES;
				GCC_WARN_ABOUT_RETURN_TYPE = YES;
				GCC_WARN_UNUSED_VARIABLE = YES;
				IPHONEOS_DEPLOYMENT_TARGET = 5.0;
				SDKROOT = iphoneos;
				VALIDATE_PRODUCT = YES;
			};
			name = Release;
		};
		655858EB146F08F30034F4BA /* Debug */ = {
			isa = XCBuildConfiguration;
			buildSettings = {
				DSTROOT = /tmp/Dawg2Dict.dst;
				GCC_PRECOMPILE_PREFIX_HEADER = YES;
				GCC_PREFIX_HEADER = "Dawg2Dict/Dawg2Dict-Prefix.pch";
				HEADER_SEARCH_PATHS = "../../lib-third-party/JFFLibrary/lib/";
				OTHER_LDFLAGS = "-ObjC";
				PRODUCT_NAME = "$(TARGET_NAME)";
				SKIP_INSTALL = YES;
			};
			name = Debug;
		};
		655858EC146F08F30034F4BA /* Release */ = {
			isa = XCBuildConfiguration;
			buildSettings = {
				DSTROOT = /tmp/Dawg2Dict.dst;
				GCC_PRECOMPILE_PREFIX_HEADER = YES;
				GCC_PREFIX_HEADER = "Dawg2Dict/Dawg2Dict-Prefix.pch";
				HEADER_SEARCH_PATHS = "../../lib-third-party/JFFLibrary/lib/";
				OTHER_LDFLAGS = "-ObjC";
				PRODUCT_NAME = "$(TARGET_NAME)";
				SKIP_INSTALL = YES;
			};
			name = Release;
		};
/* End XCBuildConfiguration section */

/* Begin XCConfigurationList section */
		655858D7146F08F30034F4BA /* Build configuration list for PBXProject "Dawg2Dict" */ = {
			isa = XCConfigurationList;
			buildConfigurations = (
				655858E8146F08F30034F4BA /* Debug */,
				655858E9146F08F30034F4BA /* Release */,
			);
			defaultConfigurationIsVisible = 0;
			defaultConfigurationName = Release;
		};
		655858EA146F08F30034F4BA /* Build configuration list for PBXNativeTarget "Dawg2Dict" */ = {
			isa = XCConfigurationList;
			buildConfigurations = (
				655858EB146F08F30034F4BA /* Debug */,
				655858EC146F08F30034F4BA /* Release */,
			);
			defaultConfigurationIsVisible = 0;
			defaultConfigurationName = Release;
		};
/* End XCConfigurationList section */
	};
	rootObject = 655858D4146F08F30034F4BA /* Project object */;
}
