// !$*UTF8*$!
{
	archiveVersion = 1;
	classes = {
	};
	objectVersion = 46;
	objects = {

/* Begin PBXBuildFile section */
		65585852146EFE8A0034F4BA /* Foundation.framework in Frameworks */ = {isa = PBXBuildFile; fileRef = 65585851146EFE8A0034F4BA /* Foundation.framework */; };
		65585864146EFF900034F4BA /* Dawg2Dict.h in Headers */ = {isa = PBXBuildFile; fileRef = 65585862146EFF900034F4BA /* Dawg2Dict.h */; };
		65585865146EFF900034F4BA /* Dawg2Dict.m in Sources */ = {isa = PBXBuildFile; fileRef = 65585863146EFF900034F4BA /* Dawg2Dict.m */; };
/* End PBXBuildFile section */

/* Begin PBXFileReference section */
		6558584E146EFE8A0034F4BA /* libdawg2dict.a */ = {isa = PBXFileReference; explicitFileType = archive.ar; includeInIndex = 0; path = libdawg2dict.a; sourceTree = BUILT_PRODUCTS_DIR; };
		65585851146EFE8A0034F4BA /* Foundation.framework */ = {isa = PBXFileReference; lastKnownFileType = wrapper.framework; name = Foundation.framework; path = System/Library/Frameworks/Foundation.framework; sourceTree = SDKROOT; };
		65585855146EFE8B0034F4BA /* dawg2dict-Prefix.pch */ = {isa = PBXFileReference; lastKnownFileType = sourcecode.c.h; path = "dawg2dict-Prefix.pch"; sourceTree = "<group>"; };
		65585862146EFF900034F4BA /* Dawg2Dict.h */ = {isa = PBXFileReference; fileEncoding = 4; lastKnownFileType = sourcecode.c.h; path = Dawg2Dict.h; sourceTree = "<group>"; };
		65585863146EFF900034F4BA /* Dawg2Dict.m */ = {isa = PBXFileReference; fileEncoding = 4; lastKnownFileType = sourcecode.c.objc; path = Dawg2Dict.m; sourceTree = "<group>"; };
/* End PBXFileReference section */

/* Begin PBXFrameworksBuildPhase section */
		6558584B146EFE8A0034F4BA /* Frameworks */ = {
			isa = PBXFrameworksBuildPhase;
			buildActionMask = 2147483647;
			files = (
				65585852146EFE8A0034F4BA /* Foundation.framework in Frameworks */,
			);
			runOnlyForDeploymentPostprocessing = 0;
		};
/* End PBXFrameworksBuildPhase section */

/* Begin PBXGroup section */
		65585843146EFE8A0034F4BA = {
			isa = PBXGroup;
			children = (
				65585853146EFE8A0034F4BA /* dawg2dict */,
				65585850146EFE8A0034F4BA /* Frameworks */,
				6558584F146EFE8A0034F4BA /* Products */,
			);
			sourceTree = "<group>";
		};
		6558584F146EFE8A0034F4BA /* Products */ = {
			isa = PBXGroup;
			children = (
				6558584E146EFE8A0034F4BA /* libdawg2dict.a */,
			);
			name = Products;
			sourceTree = "<group>";
		};
		65585850146EFE8A0034F4BA /* Frameworks */ = {
			isa = PBXGroup;
			children = (
				65585851146EFE8A0034F4BA /* Foundation.framework */,
			);
			name = Frameworks;
			sourceTree = "<group>";
		};
		65585853146EFE8A0034F4BA /* dawg2dict */ = {
			isa = PBXGroup;
			children = (
				65585854146EFE8B0034F4BA /* Supporting Files */,
				65585862146EFF900034F4BA /* Dawg2Dict.h */,
				65585863146EFF900034F4BA /* Dawg2Dict.m */,
			);
			path = dawg2dict;
			sourceTree = "<group>";
		};
		65585854146EFE8B0034F4BA /* Supporting Files */ = {
			isa = PBXGroup;
			children = (
				65585855146EFE8B0034F4BA /* dawg2dict-Prefix.pch */,
			);
			name = "Supporting Files";
			sourceTree = "<group>";
		};
/* End PBXGroup section */

/* Begin PBXHeadersBuildPhase section */
		6558584C146EFE8A0034F4BA /* Headers */ = {
			isa = PBXHeadersBuildPhase;
			buildActionMask = 2147483647;
			files = (
				65585864146EFF900034F4BA /* Dawg2Dict.h in Headers */,
			);
			runOnlyForDeploymentPostprocessing = 0;
		};
/* End PBXHeadersBuildPhase section */

/* Begin PBXNativeTarget section */
		6558584D146EFE8A0034F4BA /* dawg2dict */ = {
			isa = PBXNativeTarget;
			buildConfigurationList = 6558585B146EFE8B0034F4BA /* Build configuration list for PBXNativeTarget "dawg2dict" */;
			buildPhases = (
				6558584A146EFE8A0034F4BA /* Sources */,
				6558584B146EFE8A0034F4BA /* Frameworks */,
				6558584C146EFE8A0034F4BA /* Headers */,
			);
			buildRules = (
			);
			dependencies = (
			);
			name = dawg2dict;
			productName = dawg2dict;
			productReference = 6558584E146EFE8A0034F4BA /* libdawg2dict.a */;
			productType = "com.apple.product-type.library.static";
		};
/* End PBXNativeTarget section */

/* Begin PBXProject section */
		65585845146EFE8A0034F4BA /* Project object */ = {
			isa = PBXProject;
			attributes = {
				LastUpgradeCheck = 0420;
			};
			buildConfigurationList = 65585848146EFE8A0034F4BA /* Build configuration list for PBXProject "dawg2dict" */;
			compatibilityVersion = "Xcode 3.2";
			developmentRegion = English;
			hasScannedForEncodings = 0;
			knownRegions = (
				en,
			);
			mainGroup = 65585843146EFE8A0034F4BA;
			productRefGroup = 6558584F146EFE8A0034F4BA /* Products */;
			projectDirPath = "";
			projectRoot = "";
			targets = (
				6558584D146EFE8A0034F4BA /* dawg2dict */,
			);
		};
/* End PBXProject section */

/* Begin PBXSourcesBuildPhase section */
		6558584A146EFE8A0034F4BA /* Sources */ = {
			isa = PBXSourcesBuildPhase;
			buildActionMask = 2147483647;
			files = (
				65585865146EFF900034F4BA /* Dawg2Dict.m in Sources */,
			);
			runOnlyForDeploymentPostprocessing = 0;
		};
/* End PBXSourcesBuildPhase section */

/* Begin XCBuildConfiguration section */
		65585859146EFE8B0034F4BA /* Debug */ = {
			isa = XCBuildConfiguration;
			buildSettings = {
				ALWAYS_SEARCH_USER_PATHS = NO;
				ARCHS = "$(ARCHS_STANDARD_32_BIT)";
				COPY_PHASE_STRIP = NO;
				GCC_C_LANGUAGE_STANDARD = gnu99;
				GCC_DYNAMIC_NO_PIC = NO;
				GCC_OPTIMIZATION_LEVEL = 0;
				GCC_PREPROCESSOR_DEFINITIONS = (
					"DEBUG=1",
					"$(inherited)",
				);
				GCC_SYMBOLS_PRIVATE_EXTERN = NO;
				GCC_VERSION = com.apple.compilers.llvm.clang.1_0;
				GCC_WARN_ABOUT_MISSING_PROTOTYPES = YES;
				GCC_WARN_ABOUT_RETURN_TYPE = YES;
				GCC_WARN_UNUSED_VARIABLE = YES;
				IPHONEOS_DEPLOYMENT_TARGET = 5.0;
				SDKROOT = iphoneos;
			};
			name = Debug;
		};
		6558585A146EFE8B0034F4BA /* Release */ = {
			isa = XCBuildConfiguration;
			buildSettings = {
				ALWAYS_SEARCH_USER_PATHS = NO;
				ARCHS = "$(ARCHS_STANDARD_32_BIT)";
				COPY_PHASE_STRIP = YES;
				GCC_C_LANGUAGE_STANDARD = gnu99;
				GCC_VERSION = com.apple.compilers.llvm.clang.1_0;
				GCC_WARN_ABOUT_MISSING_PROTOTYPES = YES;
				GCC_WARN_ABOUT_RETURN_TYPE = YES;
				GCC_WARN_UNUSED_VARIABLE = YES;
				IPHONEOS_DEPLOYMENT_TARGET = 5.0;
				SDKROOT = iphoneos;
				VALIDATE_PRODUCT = YES;
			};
			name = Release;
		};
		6558585C146EFE8B0034F4BA /* Debug */ = {
			isa = XCBuildConfiguration;
			buildSettings = {
				DSTROOT = /tmp/dawg2dict.dst;
				GCC_PRECOMPILE_PREFIX_HEADER = YES;
				GCC_PREFIX_HEADER = "dawg2dict/dawg2dict-Prefix.pch";
				OTHER_LDFLAGS = "-ObjC";
				PRODUCT_NAME = "$(TARGET_NAME)";
				SKIP_INSTALL = YES;
			};
			name = Debug;
		};
		6558585D146EFE8B0034F4BA /* Release */ = {
			isa = XCBuildConfiguration;
			buildSettings = {
				DSTROOT = /tmp/dawg2dict.dst;
				GCC_PRECOMPILE_PREFIX_HEADER = YES;
				GCC_PREFIX_HEADER = "dawg2dict/dawg2dict-Prefix.pch";
				OTHER_LDFLAGS = "-ObjC";
				PRODUCT_NAME = "$(TARGET_NAME)";
				SKIP_INSTALL = YES;
			};
			name = Release;
		};
/* End XCBuildConfiguration section */

/* Begin XCConfigurationList section */
		65585848146EFE8A0034F4BA /* Build configuration list for PBXProject "dawg2dict" */ = {
			isa = XCConfigurationList;
			buildConfigurations = (
				65585859146EFE8B0034F4BA /* Debug */,
				6558585A146EFE8B0034F4BA /* Release */,
			);
			defaultConfigurationIsVisible = 0;
			defaultConfigurationName = Release;
		};
		6558585B146EFE8B0034F4BA /* Build configuration list for PBXNativeTarget "dawg2dict" */ = {
			isa = XCConfigurationList;
			buildConfigurations = (
				6558585C146EFE8B0034F4BA /* Debug */,
				6558585D146EFE8B0034F4BA /* Release */,
			);
			defaultConfigurationIsVisible = 0;
		};
/* End XCConfigurationList section */
	};
	rootObject = 65585845146EFE8A0034F4BA /* Project object */;
}
