// !$*UTF8*$!
{
	archiveVersion = 1;
	classes = {
	};
	objectVersion = 46;
	objects = {

/* Begin PBXBuildFile section */
		6558582E146EECFE0034F4BA /* Foundation.framework in Frameworks */ = {isa = PBXBuildFile; fileRef = 6558582D146EECFE0034F4BA /* Foundation.framework */; };
		65585831146EECFE0034F4BA /* main.mm in Sources */ = {isa = PBXBuildFile; fileRef = 65585830146EECFE0034F4BA /* main.mm */; };
		65585835146EECFE0034F4BA /* dict2dawg.1 in CopyFiles */ = {isa = PBXBuildFile; fileRef = 65585834146EECFE0034F4BA /* dict2dawg.1 */; };
		6558583F146EED760034F4BA /* dict2dawg.m in Sources */ = {isa = PBXBuildFile; fileRef = 6558583E146EED760034F4BA /* dict2dawg.m */; };
		65585841146EFB540034F4BA /* line_counter.m in Sources */ = {isa = PBXBuildFile; fileRef = 65585840146EFB540034F4BA /* line_counter.m */; };
/* End PBXBuildFile section */

/* Begin PBXCopyFilesBuildPhase section */
		65585827146EECFE0034F4BA /* CopyFiles */ = {
			isa = PBXCopyFilesBuildPhase;
			buildActionMask = 2147483647;
			dstPath = /usr/share/man/man1/;
			dstSubfolderSpec = 0;
			files = (
				65585835146EECFE0034F4BA /* dict2dawg.1 in CopyFiles */,
			);
			runOnlyForDeploymentPostprocessing = 1;
		};
/* End PBXCopyFilesBuildPhase section */

/* Begin PBXFileReference section */
		65585829146EECFE0034F4BA /* dict2dawg */ = {isa = PBXFileReference; explicitFileType = "compiled.mach-o.executable"; includeInIndex = 0; path = dict2dawg; sourceTree = BUILT_PRODUCTS_DIR; };
		6558582D146EECFE0034F4BA /* Foundation.framework */ = {isa = PBXFileReference; lastKnownFileType = wrapper.framework; name = Foundation.framework; path = System/Library/Frameworks/Foundation.framework; sourceTree = SDKROOT; };
		65585830146EECFE0034F4BA /* main.mm */ = {isa = PBXFileReference; lastKnownFileType = sourcecode.cpp.objcpp; path = main.mm; sourceTree = "<group>"; };
		65585833146EECFE0034F4BA /* dict2dawg-Prefix.pch */ = {isa = PBXFileReference; lastKnownFileType = sourcecode.c.h; path = "dict2dawg-Prefix.pch"; sourceTree = "<group>"; };
		65585834146EECFE0034F4BA /* dict2dawg.1 */ = {isa = PBXFileReference; lastKnownFileType = text.man; path = dict2dawg.1; sourceTree = "<group>"; };
		6558583B146EED1F0034F4BA /* ok_dict.txt */ = {isa = PBXFileReference; fileEncoding = 4; lastKnownFileType = text; name = ok_dict.txt; path = ../../resources/ok_dict.txt; sourceTree = "<group>"; };
		6558583D146EED690034F4BA /* dict2dawg.h */ = {isa = PBXFileReference; fileEncoding = 4; lastKnownFileType = sourcecode.c.h; path = dict2dawg.h; sourceTree = "<group>"; };
		6558583E146EED760034F4BA /* dict2dawg.m */ = {isa = PBXFileReference; fileEncoding = 4; lastKnownFileType = sourcecode.c.objc; path = dict2dawg.m; sourceTree = "<group>"; };
		65585840146EFB540034F4BA /* line_counter.m */ = {isa = PBXFileReference; fileEncoding = 4; lastKnownFileType = sourcecode.c.objc; path = line_counter.m; sourceTree = "<group>"; };
		65585842146EFB5F0034F4BA /* line_counter.h */ = {isa = PBXFileReference; fileEncoding = 4; lastKnownFileType = sourcecode.c.h; path = line_counter.h; sourceTree = "<group>"; };
		6597473314793BBF00A7CF33 /* Player.txt */ = {isa = PBXFileReference; fileEncoding = 4; lastKnownFileType = text; name = Player.txt; path = ../../../Dropbox/GameDev/src/Magic_Words/Dictionaries/Russian/Player.txt; sourceTree = "<group>"; };
		6597473514795C6800A7CF33 /* ru_dict.txt */ = {isa = PBXFileReference; fileEncoding = 4; lastKnownFileType = text; name = ru_dict.txt; path = ../../resources/ru_dict.txt; sourceTree = "<group>"; };
/* End PBXFileReference section */

/* Begin PBXFrameworksBuildPhase section */
		65585826146EECFE0034F4BA /* Frameworks */ = {
			isa = PBXFrameworksBuildPhase;
			buildActionMask = 2147483647;
			files = (
				6558582E146EECFE0034F4BA /* Foundation.framework in Frameworks */,
			);
			runOnlyForDeploymentPostprocessing = 0;
		};
/* End PBXFrameworksBuildPhase section */

/* Begin PBXGroup section */
		6558581E146EECFE0034F4BA = {
			isa = PBXGroup;
			children = (
				6558582F146EECFE0034F4BA /* dict2dawg */,
				6558583C146EED230034F4BA /* Resources */,
				6558582C146EECFE0034F4BA /* Frameworks */,
				6558582A146EECFE0034F4BA /* Products */,
			);
			sourceTree = "<group>";
		};
		6558582A146EECFE0034F4BA /* Products */ = {
			isa = PBXGroup;
			children = (
				65585829146EECFE0034F4BA /* dict2dawg */,
			);
			name = Products;
			sourceTree = "<group>";
		};
		6558582C146EECFE0034F4BA /* Frameworks */ = {
			isa = PBXGroup;
			children = (
				6558582D146EECFE0034F4BA /* Foundation.framework */,
			);
			name = Frameworks;
			sourceTree = "<group>";
		};
		6558582F146EECFE0034F4BA /* dict2dawg */ = {
			isa = PBXGroup;
			children = (
				65585830146EECFE0034F4BA /* main.mm */,
				6558583D146EED690034F4BA /* dict2dawg.h */,
				6558583E146EED760034F4BA /* dict2dawg.m */,
				65585842146EFB5F0034F4BA /* line_counter.h */,
				65585840146EFB540034F4BA /* line_counter.m */,
				65585834146EECFE0034F4BA /* dict2dawg.1 */,
				65585832146EECFE0034F4BA /* Supporting Files */,
			);
			path = dict2dawg;
			sourceTree = "<group>";
		};
		65585832146EECFE0034F4BA /* Supporting Files */ = {
			isa = PBXGroup;
			children = (
				65585833146EECFE0034F4BA /* dict2dawg-Prefix.pch */,
			);
			name = "Supporting Files";
			sourceTree = "<group>";
		};
		6558583C146EED230034F4BA /* Resources */ = {
			isa = PBXGroup;
			children = (
				6597473514795C6800A7CF33 /* ru_dict.txt */,
				6558583B146EED1F0034F4BA /* ok_dict.txt */,
				6597473314793BBF00A7CF33 /* Player.txt */,
			);
			name = Resources;
			sourceTree = "<group>";
		};
/* End PBXGroup section */

/* Begin PBXNativeTarget section */
		65585828146EECFE0034F4BA /* dict2dawg */ = {
			isa = PBXNativeTarget;
			buildConfigurationList = 65585838146EECFE0034F4BA /* Build configuration list for PBXNativeTarget "dict2dawg" */;
			buildPhases = (
				65585825146EECFE0034F4BA /* Sources */,
				65585826146EECFE0034F4BA /* Frameworks */,
				65585827146EECFE0034F4BA /* CopyFiles */,
			);
			buildRules = (
			);
			dependencies = (
			);
			name = dict2dawg;
			productName = dict2dawg;
			productReference = 65585829146EECFE0034F4BA /* dict2dawg */;
			productType = "com.apple.product-type.tool";
		};
/* End PBXNativeTarget section */

/* Begin PBXProject section */
		65585820146EECFE0034F4BA /* Project object */ = {
			isa = PBXProject;
			attributes = {
				LastUpgradeCheck = 0430;
			};
			buildConfigurationList = 65585823146EECFE0034F4BA /* Build configuration list for PBXProject "dict2dawg" */;
			compatibilityVersion = "Xcode 3.2";
			developmentRegion = English;
			hasScannedForEncodings = 0;
			knownRegions = (
				en,
			);
			mainGroup = 6558581E146EECFE0034F4BA;
			productRefGroup = 6558582A146EECFE0034F4BA /* Products */;
			projectDirPath = "";
			projectRoot = "";
			targets = (
				65585828146EECFE0034F4BA /* dict2dawg */,
			);
		};
/* End PBXProject section */

/* Begin PBXSourcesBuildPhase section */
		65585825146EECFE0034F4BA /* Sources */ = {
			isa = PBXSourcesBuildPhase;
			buildActionMask = 2147483647;
			files = (
				65585831146EECFE0034F4BA /* main.mm in Sources */,
				6558583F146EED760034F4BA /* dict2dawg.m in Sources */,
				65585841146EFB540034F4BA /* line_counter.m in Sources */,
			);
			runOnlyForDeploymentPostprocessing = 0;
		};
/* End PBXSourcesBuildPhase section */

/* Begin XCBuildConfiguration section */
		65585836146EECFE0034F4BA /* Debug */ = {
			isa = XCBuildConfiguration;
			buildSettings = {
				ALWAYS_SEARCH_USER_PATHS = NO;
				ARCHS = "$(ARCHS_STANDARD_64_BIT)";
				COPY_PHASE_STRIP = NO;
				GCC_C_LANGUAGE_STANDARD = gnu99;
				GCC_DYNAMIC_NO_PIC = NO;
				GCC_ENABLE_OBJC_EXCEPTIONS = YES;
				GCC_OPTIMIZATION_LEVEL = 0;
				GCC_PREPROCESSOR_DEFINITIONS = (
					"DEBUG=1",
					"$(inherited)",
				);
				GCC_SYMBOLS_PRIVATE_EXTERN = NO;
				GCC_VERSION = com.apple.compilers.llvm.clang.1_0;
				GCC_WARN_64_TO_32_BIT_CONVERSION = YES;
				GCC_WARN_ABOUT_MISSING_PROTOTYPES = YES;
				GCC_WARN_ABOUT_RETURN_TYPE = YES;
				GCC_WARN_UNUSED_VARIABLE = YES;
				MACOSX_DEPLOYMENT_TARGET = 10.7;
				ONLY_ACTIVE_ARCH = YES;
				SDKROOT = macosx;
			};
			name = Debug;
		};
		65585837146EECFE0034F4BA /* Release */ = {
			isa = XCBuildConfiguration;
			buildSettings = {
				ALWAYS_SEARCH_USER_PATHS = NO;
				ARCHS = "$(ARCHS_STANDARD_64_BIT)";
				COPY_PHASE_STRIP = YES;
				DEBUG_INFORMATION_FORMAT = "dwarf-with-dsym";
				GCC_C_LANGUAGE_STANDARD = gnu99;
				GCC_ENABLE_OBJC_EXCEPTIONS = YES;
				GCC_VERSION = com.apple.compilers.llvm.clang.1_0;
				GCC_WARN_64_TO_32_BIT_CONVERSION = YES;
				GCC_WARN_ABOUT_MISSING_PROTOTYPES = YES;
				GCC_WARN_ABOUT_RETURN_TYPE = YES;
				GCC_WARN_UNUSED_VARIABLE = YES;
				MACOSX_DEPLOYMENT_TARGET = 10.7;
				SDKROOT = macosx;
			};
			name = Release;
		};
		65585839146EECFE0034F4BA /* Debug */ = {
			isa = XCBuildConfiguration;
			buildSettings = {
				GCC_PRECOMPILE_PREFIX_HEADER = YES;
				GCC_PREFIX_HEADER = "dict2dawg/dict2dawg-Prefix.pch";
				PRODUCT_NAME = "$(TARGET_NAME)";
			};
			name = Debug;
		};
		6558583A146EECFE0034F4BA /* Release */ = {
			isa = XCBuildConfiguration;
			buildSettings = {
				GCC_PRECOMPILE_PREFIX_HEADER = YES;
				GCC_PREFIX_HEADER = "dict2dawg/dict2dawg-Prefix.pch";
				PRODUCT_NAME = "$(TARGET_NAME)";
			};
			name = Release;
		};
/* End XCBuildConfiguration section */

/* Begin XCConfigurationList section */
		65585823146EECFE0034F4BA /* Build configuration list for PBXProject "dict2dawg" */ = {
			isa = XCConfigurationList;
			buildConfigurations = (
				65585836146EECFE0034F4BA /* Debug */,
				65585837146EECFE0034F4BA /* Release */,
			);
			defaultConfigurationIsVisible = 0;
			defaultConfigurationName = Release;
		};
		65585838146EECFE0034F4BA /* Build configuration list for PBXNativeTarget "dict2dawg" */ = {
			isa = XCConfigurationList;
			buildConfigurations = (
				65585839146EECFE0034F4BA /* Debug */,
				6558583A146EECFE0034F4BA /* Release */,
			);
			defaultConfigurationIsVisible = 0;
			defaultConfigurationName = Release;
		};
/* End XCConfigurationList section */
	};
	rootObject = 65585820146EECFE0034F4BA /* Project object */;
}
